PODS:
  - Flutter (1.0.0)
  - streams_channel (0.0.1):
    - Flutter

DEPENDENCIES:
  - Flutter (from `Flutter`)
  - streams_channel (from `.symlinks/plugins/streams_channel/ios`)

EXTERNAL SOURCES:
  Flutter:
    :path: Flutter
  streams_channel:
    :path: ".symlinks/plugins/streams_channel/ios"

SPEC CHECKSUMS:
  Flutter: 0e3d915762c693b495b44d77113d4970485de6ec
  streams_channel: 16855ffd0568eded9563b2fec6a1bfa94420b353

PODFILE CHECKSUM: 3dbe063e9c90a5d7c9e4e76e70a821b9e2c1d271

COCOAPODS: 1.8.4
